github.com/davecgh/go-spew v1.1.1 h1:vj9j/u1bqnvCEfJOwUhtlOARqs3+rkHYY13jYWTU97c=
github.com/davecgh/go-spew v1.1.1/go.mod h1:J7Y8YcW2NihsgmVo/mv3lAwl/skON4iLHjSsI+c5H38=
github.com/kr/pretty v0.1.0 h1:L/CwN0zerZDmRFUapSPitk6f+Q3+0za1rQkzVuMiMFI=
github.com/kr/pretty v0.1.0/go.mod h1:dAy3ld7l9f0ibDNOQOHHMYYIIbhfbHSm3C4ZsoJORNo=
github.com/kr/pty v1.1.1/go.mod h1:pFQYn66WHrOpPYNljwOMqo10TkYh1fy3cYio2l3bCsQ=
github.com/kr/text v0.1.0 h1:45sCR5RtlFHMR4UwH9sdQ5TC8v0qDQCHnXt+kaKSTVE=
github.com/kr/text v0.1.0/go.mod h1:4Jbv+DJW3UT/LiOwJeYQe1efqtUx/iVham/4vfdArNI=
github.com/pip-services-go/pip-services-commons-go v0.0.0-20180817070129-8734c5fae18f h1:c7MX8s8gBW4bFyii2hVlWIQWgY7Jj0gUrOa2IWse+I0=
github.com/pip-services-go/pip-services-commons-go v0.0.0-20180817070129-8734c5fae18f/go.mod h1:3K+T8KV64GuDZpac3mQfszJy0rDXGjXdvtHYY7/f0Xw=
github.com/pip-services-go/pip-services-components-go v0.0.0-20181116205905-05c82d05e3c5 h1:y9nHlUBt7Uf87CpRce7Wj5wNgRNIjvg1LOD7UKO/iNI=
github.com/pip-services-go/pip-services-components-go v0.0.0-20181116205905-05c82d05e3c5/go.mod h1:ELXjGYWMrYQsf08DsJ9xuvsGLspRkG9Lu/lbIlajrrk=
github.com/pip-services/pip-services-commons-go v0.0.0-20180413064915-8a044efc7625 h1:azf6XQYRKf+uec0Ji2zHvwfpgGJRINf4BCCxydLlVCA=
github.com/pip-services/pip-services-commons-go v0.0.0-20180413064915-8a044efc7625/go.mod h1:EHGuHij6m+ENVgx6m111XnDHaxir9LdpJ0DWvuf3cg0=
github.com/pip-services3-go/pip-services3-commons-go v0.0.0-20180817070129-8734c5fae18f h1:VKX7AJAZ+ujFhwZDWnPvypCSMjcHZ5pdkvrE2cu9dLI=
github.com/pip-services3-go/pip-services3-commons-go v0.0.0-20180817070129-8734c5fae18f/go.mod h1:sguCh7/VyINm9Z8xWOplyGWUdOMUTzCvXdSp3MaMcJo=
github.com/pmezard/go-difflib v1.0.0 h1:4DBwDE0NGyQoBHbLQYPwSUPoCMWR5BEzIk/f1lZbAQM=
github.com/pmezard/go-difflib v1.0.0/go.mod h1:iKH77koFhYxTK1pcRnkKkqfTogsbg7gZNVY4sRDYZ/4=
github.com/satori/go.uuid v1.2.0 h1:0uYX9dsZ2yD7q2RtLRtPSdGDWzjeM3TbMJP9utgA0ww=
github.com/satori/go.uuid v1.2.0/go.mod h1:dA0hQrYB0VpLJoorglMZABFdXlWrHn1NEOzdhQKdks0=
github.com/stretchr/testify v1.2.2 h1:bSDNvY7ZPG5RlJ8otE/7V6gMiyenm9RtJ7IUVIAoJ1w=
github.com/stretchr/testify v1.2.2/go.mod h1:a8OnRcib4nhh0OaRAV+Yts87kKdq0PP7pXfy6kDkUVs=
gopkg.in/check.v1 v1.0.0-20180628173108-788fd7840127 h1:qIbj1fsPNlZgppZ+VLlY7N33q108Sa+fhmuc+sWQYwY=
gopkg.in/check.v1 v1.0.0-20180628173108-788fd7840127/go.mod h1:Co6ibVJAznAaIkqp8huTwlJQCZ016jof/cbN4VW5Yz0=
